
Microsoft Visual Studio Solution File, Format Version 12.00
# Visual Studio Version 16
VisualStudioVersion = 16.0.32602.291
MinimumVisualStudioVersion = 10.0.40219.1
Project("{FAE04EC0-301F-11D3-BF4B-00C04F79EFBC}") = "reimagined-computing-machine", "reimagined-computing-machine.csproj", "{891C1B9F-B23B-46D9-897B-C6E7A9711CCE}"
EndProject
Global
	GlobalSection(SolutionConfigurationPlatforms) = preSolution
		Debug|Any CPU = Debug|Any CPU
		Release|Any CPU = Release|Any CPU
	EndGlobalSection
	GlobalSection(ProjectConfigurationPlatforms) = postSolution
		{891C1B9F-B23B-46D9-897B-C6E7A9711CCE}.Debug|Any CPU.ActiveCfg = Debug|Any CPU
		{891C1B9F-B23B-46D9-897B-C6E7A9711CCE}.Debug|Any CPU.Build.0 = Debug|Any CPU
		{891C1B9F-B23B-46D9-897B-C6E7A9711CCE}.Release|Any CPU.ActiveCfg = Release|Any CPU
		{891C1B9F-B23B-46D9-897B-C6E7A9711CCE}.Release|Any CPU.Build.0 = Release|Any CPU
	EndGlobalSection
	GlobalSection(SolutionProperties) = preSolution
		HideSolutionNode = FALSE
	EndGlobalSection
	GlobalSection(ExtensibilityGlobals) = postSolution
		SolutionGuid = {75805D33-72CF-4A77-80B9-6B2FB24F0951}
	EndGlobalSection
EndGlobal
